// !$*UTF8*$!
{
	archiveVersion = 1;
	classes = {
	};
	objectVersion = 46;
	objects = {

/* Begin PBXBuildFile section */
		2105D91C244B4A3F33DAA870 /* Pods_InmobiliaApp_IOS.framework in Frameworks */ = {isa = PBXBuildFile; fileRef = D5B892ACC004404371B11CA5 /* Pods_InmobiliaApp_IOS.framework */; };
		7646C2881E13666700A92001 /* FBSDKShareKit.framework in Frameworks */ = {isa = PBXBuildFile; fileRef = 7646C2841E13666700A92001 /* FBSDKShareKit.framework */; };
		7646C2891E13666700A92001 /* Bolts.framework in Frameworks */ = {isa = PBXBuildFile; fileRef = 7646C2851E13666700A92001 /* Bolts.framework */; };
		7646C28A1E13666700A92001 /* FBSDKCoreKit.framework in Frameworks */ = {isa = PBXBuildFile; fileRef = 7646C2861E13666700A92001 /* FBSDKCoreKit.framework */; };
		7646C28B1E13666700A92001 /* FBSDKLoginKit.framework in Frameworks */ = {isa = PBXBuildFile; fileRef = 7646C2871E13666700A92001 /* FBSDKLoginKit.framework */; };
		7646C28D1E14424900A92001 /* ValoresGlobales.swift in Sources */ = {isa = PBXBuildFile; fileRef = 7646C28C1E14424900A92001 /* ValoresGlobales.swift */; };
		7646E9101E133E3400FC4FB7 /* AppDelegate.swift in Sources */ = {isa = PBXBuildFile; fileRef = 7646E90F1E133E3400FC4FB7 /* AppDelegate.swift */; };
		7646E9121E133E3400FC4FB7 /* ViewController.swift in Sources */ = {isa = PBXBuildFile; fileRef = 7646E9111E133E3400FC4FB7 /* ViewController.swift */; };
		7646E9151E133E3400FC4FB7 /* Main.storyboard in Resources */ = {isa = PBXBuildFile; fileRef = 7646E9131E133E3400FC4FB7 /* Main.storyboard */; };
		7646E9171E133E3400FC4FB7 /* Assets.xcassets in Resources */ = {isa = PBXBuildFile; fileRef = 7646E9161E133E3400FC4FB7 /* Assets.xcassets */; };
		7646E91A1E133E3400FC4FB7 /* LaunchScreen.storyboard in Resources */ = {isa = PBXBuildFile; fileRef = 7646E9181E133E3400FC4FB7 /* LaunchScreen.storyboard */; };
		7646E9261E1347B200FC4FB7 /* CatalogoEstadosMunicipios.swift in Sources */ = {isa = PBXBuildFile; fileRef = 7646E9251E1347B200FC4FB7 /* CatalogoEstadosMunicipios.swift */; };
		76760C5C1E1F49CB005F7204 /* EstadosTableViewController.swift in Sources */ = {isa = PBXBuildFile; fileRef = 76760C5B1E1F49CB005F7204 /* EstadosTableViewController.swift */; };
		76760C5E1E1F4F48005F7204 /* EstadosTableViewCell.swift in Sources */ = {isa = PBXBuildFile; fileRef = 76760C5D1E1F4F48005F7204 /* EstadosTableViewCell.swift */; };
		76760C601E1F62B8005F7204 /* MunicipiosTableViewController.swift in Sources */ = {isa = PBXBuildFile; fileRef = 76760C5F1E1F62B8005F7204 /* MunicipiosTableViewController.swift */; };
		76760C621E1F664C005F7204 /* MunicipioTableViewCell.swift in Sources */ = {isa = PBXBuildFile; fileRef = 76760C611E1F664C005F7204 /* MunicipioTableViewCell.swift */; };
		76760CD51E26B50B005F7204 /* CapturaDeDatosNumericosViewController.swift in Sources */ = {isa = PBXBuildFile; fileRef = 76760CD41E26B50B005F7204 /* CapturaDeDatosNumericosViewController.swift */; };
		76760CD71E2704F9005F7204 /* CapturaDatosCategoricosViewController.swift in Sources */ = {isa = PBXBuildFile; fileRef = 76760CD61E2704F9005F7204 /* CapturaDatosCategoricosViewController.swift */; };
		76760CDA1E288F3B005F7204 /* AvaluosDB.xcdatamodeld in Sources */ = {isa = PBXBuildFile; fileRef = 76760CD81E288F3B005F7204 /* AvaluosDB.xcdatamodeld */; };
		76760D101E309DC1005F7204 /* ConnectionManager.swift in Sources */ = {isa = PBXBuildFile; fileRef = 76760D0F1E309DC1005F7204 /* ConnectionManager.swift */; };
		76760D181E31565C005F7204 /* CoreDataStack.swift in Sources */ = {isa = PBXBuildFile; fileRef = 76760D171E31565C005F7204 /* CoreDataStack.swift */; };
		76760D211E318866005F7204 /* Estimaciones+CoreDataProperties.swift in Sources */ = {isa = PBXBuildFile; fileRef = 76760D1B1E318866005F7204 /* Estimaciones+CoreDataProperties.swift */; };
		76760D221E318866005F7204 /* Estimaciones.swift in Sources */ = {isa = PBXBuildFile; fileRef = 76760D1C1E318866005F7204 /* Estimaciones.swift */; };
		76760D231E318866005F7204 /* EstimacionesCompradas+CoreDataProperties.swift in Sources */ = {isa = PBXBuildFile; fileRef = 76760D1D1E318866005F7204 /* EstimacionesCompradas+CoreDataProperties.swift */; };
		76760D241E318866005F7204 /* EstimacionesCompradas.swift in Sources */ = {isa = PBXBuildFile; fileRef = 76760D1E1E318866005F7204 /* EstimacionesCompradas.swift */; };
		76760D261E33BE2B005F7204 /* PropiedadDetailButton.swift in Sources */ = {isa = PBXBuildFile; fileRef = 76760D251E33BE2A005F7204 /* PropiedadDetailButton.swift */; };
		76760D2A1E33E408005F7204 /* PropertyDetailViewController.swift in Sources */ = {isa = PBXBuildFile; fileRef = 76760D291E33E408005F7204 /* PropertyDetailViewController.swift */; };
		76760DA31E36DB81005F7204 /* Accelerate.framework in Frameworks */ = {isa = PBXBuildFile; fileRef = 76760D9A1E36DB81005F7204 /* Accelerate.framework */; };
		76760DA41E36DB81005F7204 /* AudioToolbox.framework in Frameworks */ = {isa = PBXBuildFile; fileRef = 76760D9B1E36DB81005F7204 /* AudioToolbox.framework */; };
		76760DA51E36DB81005F7204 /* AVFoundation.framework in Frameworks */ = {isa = PBXBuildFile; fileRef = 76760D9C1E36DB81005F7204 /* AVFoundation.framework */; };
		76760DA61E36DB81005F7204 /* CoreLocation.framework in Frameworks */ = {isa = PBXBuildFile; fileRef = 76760D9D1E36DB81005F7204 /* CoreLocation.framework */; };
		76760DA71E36DB81005F7204 /* CoreMedia.framework in Frameworks */ = {isa = PBXBuildFile; fileRef = 76760D9E1E36DB81005F7204 /* CoreMedia.framework */; };
		76760DA81E36DB81005F7204 /* MessageUI.framework in Frameworks */ = {isa = PBXBuildFile; fileRef = 76760D9F1E36DB81005F7204 /* MessageUI.framework */; };
		76760DA91E36DB81005F7204 /* MobileCoreServices.framework in Frameworks */ = {isa = PBXBuildFile; fileRef = 76760DA01E36DB81005F7204 /* MobileCoreServices.framework */; };
		76760DAA1E36DB81005F7204 /* SafariServices.framework in Frameworks */ = {isa = PBXBuildFile; fileRef = 76760DA11E36DB81005F7204 /* SafariServices.framework */; };
		76760DAB1E36DB81005F7204 /* SystemConfiguration.framework in Frameworks */ = {isa = PBXBuildFile; fileRef = 76760DA21E36DB81005F7204 /* SystemConfiguration.framework */; };
		76760DAD1E36DD46005F7204 /* PayPalViewController.swift in Sources */ = {isa = PBXBuildFile; fileRef = 76760DAC1E36DD46005F7204 /* PayPalViewController.swift */; };
		767C36F61E39C49C008136AB /* Propiedades.swift in Sources */ = {isa = PBXBuildFile; fileRef = 767C36F51E39C49C008136AB /* Propiedades.swift */; };
		767C36F81E39C4A3008136AB /* Propiedades+CoreDataProperties.swift in Sources */ = {isa = PBXBuildFile; fileRef = 767C36F71E39C4A3008136AB /* Propiedades+CoreDataProperties.swift */; };
		7690BBD11E1DF52A000F4F77 /* MenuController.swift in Sources */ = {isa = PBXBuildFile; fileRef = 7690BBD01E1DF52A000F4F77 /* MenuController.swift */; };
		7690BBD61E1EA9CE000F4F77 /* SWRevealViewController.m in Sources */ = {isa = PBXBuildFile; fileRef = 7690BBD51E1EA9CE000F4F77 /* SWRevealViewController.m */; };
		7690BBD81E1EB52C000F4F77 /* MapController.swift in Sources */ = {isa = PBXBuildFile; fileRef = 7690BBD71E1EB52C000F4F77 /* MapController.swift */; };
		7690BBDA1E1EB81A000F4F77 /* ElPin.swift in Sources */ = {isa = PBXBuildFile; fileRef = 7690BBD91E1EB81A000F4F77 /* ElPin.swift */; };
		7690BBDC1E1EDFDA000F4F77 /* MapTableViewCell.swift in Sources */ = {isa = PBXBuildFile; fileRef = 7690BBDB1E1EDFDA000F4F77 /* MapTableViewCell.swift */; };
		76E743621E3723EA00E5FAC8 /* SalirViewController.swift in Sources */ = {isa = PBXBuildFile; fileRef = 76E743611E3723EA00E5FAC8 /* SalirViewController.swift */; };
/* End PBXBuildFile section */

/* Begin PBXFileReference section */
		4CF4830BA58D5466023A9E18 /* Pods-InmobiliaApp-IOS.debug.xcconfig */ = {isa = PBXFileReference; includeInIndex = 1; lastKnownFileType = text.xcconfig; name = "Pods-InmobiliaApp-IOS.debug.xcconfig"; path = "Pods/Target Support Files/Pods-InmobiliaApp-IOS/Pods-InmobiliaApp-IOS.debug.xcconfig"; sourceTree = "<group>"; };
		4EFCD35A266708532FF40F94 /* Pods-InmobiliaApp-IOS.release.xcconfig */ = {isa = PBXFileReference; includeInIndex = 1; lastKnownFileType = text.xcconfig; name = "Pods-InmobiliaApp-IOS.release.xcconfig"; path = "Pods/Target Support Files/Pods-InmobiliaApp-IOS/Pods-InmobiliaApp-IOS.release.xcconfig"; sourceTree = "<group>"; };
		7646C2841E13666700A92001 /* FBSDKShareKit.framework */ = {isa = PBXFileReference; lastKnownFileType = wrapper.framework; path = FBSDKShareKit.framework; sourceTree = "<group>"; };
		7646C2851E13666700A92001 /* Bolts.framework */ = {isa = PBXFileReference; lastKnownFileType = wrapper.framework; path = Bolts.framework; sourceTree = "<group>"; };
		7646C2861E13666700A92001 /* FBSDKCoreKit.framework */ = {isa = PBXFileReference; lastKnownFileType = wrapper.framework; path = FBSDKCoreKit.framework; sourceTree = "<group>"; };
		7646C2871E13666700A92001 /* FBSDKLoginKit.framework */ = {isa = PBXFileReference; lastKnownFileType = wrapper.framework; path = FBSDKLoginKit.framework; sourceTree = "<group>"; };
		7646C28C1E14424900A92001 /* ValoresGlobales.swift */ = {isa = PBXFileReference; fileEncoding = 4; lastKnownFileType = sourcecode.swift; path = ValoresGlobales.swift; sourceTree = "<group>"; };
		7646E90C1E133E3400FC4FB7 /* InmobiliaApp-IOS.app */ = {isa = PBXFileReference; explicitFileType = wrapper.application; includeInIndex = 0; path = "InmobiliaApp-IOS.app"; sourceTree = BUILT_PRODUCTS_DIR; };
		7646E90F1E133E3400FC4FB7 /* AppDelegate.swift */ = {isa = PBXFileReference; lastKnownFileType = sourcecode.swift; path = AppDelegate.swift; sourceTree = "<group>"; };
		7646E9111E133E3400FC4FB7 /* ViewController.swift */ = {isa = PBXFileReference; lastKnownFileType = sourcecode.swift; path = ViewController.swift; sourceTree = "<group>"; };
		7646E9141E133E3400FC4FB7 /* Base */ = {isa = PBXFileReference; lastKnownFileType = file.storyboard; name = Base; path = Base.lproj/Main.storyboard; sourceTree = "<group>"; };
		7646E9161E133E3400FC4FB7 /* Assets.xcassets */ = {isa = PBXFileReference; lastKnownFileType = folder.assetcatalog; path = Assets.xcassets; sourceTree = "<group>"; };
		7646E9191E133E3400FC4FB7 /* Base */ = {isa = PBXFileReference; lastKnownFileType = file.storyboard; name = Base; path = Base.lproj/LaunchScreen.storyboard; sourceTree = "<group>"; };
		7646E91B1E133E3400FC4FB7 /* Info.plist */ = {isa = PBXFileReference; lastKnownFileType = text.plist.xml; path = Info.plist; sourceTree = "<group>"; };
		7646E9251E1347B200FC4FB7 /* CatalogoEstadosMunicipios.swift */ = {isa = PBXFileReference; fileEncoding = 4; lastKnownFileType = sourcecode.swift; path = CatalogoEstadosMunicipios.swift; sourceTree = "<group>"; };
		76760C5B1E1F49CB005F7204 /* EstadosTableViewController.swift */ = {isa = PBXFileReference; fileEncoding = 4; lastKnownFileType = sourcecode.swift; path = EstadosTableViewController.swift; sourceTree = "<group>"; };
		76760C5D1E1F4F48005F7204 /* EstadosTableViewCell.swift */ = {isa = PBXFileReference; fileEncoding = 4; lastKnownFileType = sourcecode.swift; path = EstadosTableViewCell.swift; sourceTree = "<group>"; };
		76760C5F1E1F62B8005F7204 /* MunicipiosTableViewController.swift */ = {isa = PBXFileReference; fileEncoding = 4; lastKnownFileType = sourcecode.swift; path = MunicipiosTableViewController.swift; sourceTree = "<group>"; };
		76760C611E1F664C005F7204 /* MunicipioTableViewCell.swift */ = {isa = PBXFileReference; fileEncoding = 4; lastKnownFileType = sourcecode.swift; path = MunicipioTableViewCell.swift; sourceTree = "<group>"; };
		76760CD41E26B50B005F7204 /* CapturaDeDatosNumericosViewController.swift */ = {isa = PBXFileReference; fileEncoding = 4; lastKnownFileType = sourcecode.swift; path = CapturaDeDatosNumericosViewController.swift; sourceTree = "<group>"; };
		76760CD61E2704F9005F7204 /* CapturaDatosCategoricosViewController.swift */ = {isa = PBXFileReference; fileEncoding = 4; lastKnownFileType = sourcecode.swift; path = CapturaDatosCategoricosViewController.swift; sourceTree = "<group>"; };
		76760CD91E288F3B005F7204 /* AvaluosDB.xcdatamodel */ = {isa = PBXFileReference; lastKnownFileType = wrapper.xcdatamodel; path = AvaluosDB.xcdatamodel; sourceTree = "<group>"; };
		76760D0F1E309DC1005F7204 /* ConnectionManager.swift */ = {isa = PBXFileReference; fileEncoding = 4; lastKnownFileType = sourcecode.swift; path = ConnectionManager.swift; sourceTree = "<group>"; };
		76760D171E31565C005F7204 /* CoreDataStack.swift */ = {isa = PBXFileReference; fileEncoding = 4; lastKnownFileType = sourcecode.swift; path = CoreDataStack.swift; sourceTree = "<group>"; };
		76760D1B1E318866005F7204 /* Estimaciones+CoreDataProperties.swift */ = {isa = PBXFileReference; fileEncoding = 4; lastKnownFileType = sourcecode.swift; path = "Estimaciones+CoreDataProperties.swift"; sourceTree = "<group>"; };
		76760D1C1E318866005F7204 /* Estimaciones.swift */ = {isa = PBXFileReference; fileEncoding = 4; lastKnownFileType = sourcecode.swift; path = Estimaciones.swift; sourceTree = "<group>"; };
		76760D1D1E318866005F7204 /* EstimacionesCompradas+CoreDataProperties.swift */ = {isa = PBXFileReference; fileEncoding = 4; lastKnownFileType = sourcecode.swift; path = "EstimacionesCompradas+CoreDataProperties.swift"; sourceTree = "<group>"; };
		76760D1E1E318866005F7204 /* EstimacionesCompradas.swift */ = {isa = PBXFileReference; fileEncoding = 4; lastKnownFileType = sourcecode.swift; path = EstimacionesCompradas.swift; sourceTree = "<group>"; };
		76760D251E33BE2A005F7204 /* PropiedadDetailButton.swift */ = {isa = PBXFileReference; fileEncoding = 4; lastKnownFileType = sourcecode.swift; path = PropiedadDetailButton.swift; sourceTree = "<group>"; };
		76760D291E33E408005F7204 /* PropertyDetailViewController.swift */ = {isa = PBXFileReference; fileEncoding = 4; lastKnownFileType = sourcecode.swift; path = PropertyDetailViewController.swift; sourceTree = "<group>"; };
		76760D981E36D314005F7204 /* InmobiliaApp-IOS-Bridging-Header.h */ = {isa = PBXFileReference; fileEncoding = 4; lastKnownFileType = sourcecode.c.h; path = "InmobiliaApp-IOS-Bridging-Header.h"; sourceTree = "<group>"; };
		76760D991E36D8E2005F7204 /* ZZAppDelegate.h */ = {isa = PBXFileReference; lastKnownFileType = sourcecode.c.h; path = ZZAppDelegate.h; sourceTree = "<group>"; };
		76760D9A1E36DB81005F7204 /* Accelerate.framework */ = {isa = PBXFileReference; lastKnownFileType = wrapper.framework; name = Accelerate.framework; path = System/Library/Frameworks/Accelerate.framework; sourceTree = SDKROOT; };
		76760D9B1E36DB81005F7204 /* AudioToolbox.framework */ = {isa = PBXFileReference; lastKnownFileType = wrapper.framework; name = AudioToolbox.framework; path = System/Library/Frameworks/AudioToolbox.framework; sourceTree = SDKROOT; };
		76760D9C1E36DB81005F7204 /* AVFoundation.framework */ = {isa = PBXFileReference; lastKnownFileType = wrapper.framework; name = AVFoundation.framework; path = System/Library/Frameworks/AVFoundation.framework; sourceTree = SDKROOT; };
		76760D9D1E36DB81005F7204 /* CoreLocation.framework */ = {isa = PBXFileReference; lastKnownFileType = wrapper.framework; name = CoreLocation.framework; path = System/Library/Frameworks/CoreLocation.framework; sourceTree = SDKROOT; };
		76760D9E1E36DB81005F7204 /* CoreMedia.framework */ = {isa = PBXFileReference; lastKnownFileType = wrapper.framework; name = CoreMedia.framework; path = System/Library/Frameworks/CoreMedia.framework; sourceTree = SDKROOT; };
		76760D9F1E36DB81005F7204 /* MessageUI.framework */ = {isa = PBXFileReference; lastKnownFileType = wrapper.framework; name = MessageUI.framework; path = System/Library/Frameworks/MessageUI.framework; sourceTree = SDKROOT; };
		76760DA01E36DB81005F7204 /* MobileCoreServices.framework */ = {isa = PBXFileReference; lastKnownFileType = wrapper.framework; name = MobileCoreServices.framework; path = System/Library/Frameworks/MobileCoreServices.framework; sourceTree = SDKROOT; };
		76760DA11E36DB81005F7204 /* SafariServices.framework */ = {isa = PBXFileReference; lastKnownFileType = wrapper.framework; name = SafariServices.framework; path = System/Library/Frameworks/SafariServices.framework; sourceTree = SDKROOT; };
		76760DA21E36DB81005F7204 /* SystemConfiguration.framework */ = {isa = PBXFileReference; lastKnownFileType = wrapper.framework; name = SystemConfiguration.framework; path = System/Library/Frameworks/SystemConfiguration.framework; sourceTree = SDKROOT; };
		76760DAC1E36DD46005F7204 /* PayPalViewController.swift */ = {isa = PBXFileReference; fileEncoding = 4; lastKnownFileType = sourcecode.swift; path = PayPalViewController.swift; sourceTree = "<group>"; };
		767C36F51E39C49C008136AB /* Propiedades.swift */ = {isa = PBXFileReference; fileEncoding = 4; lastKnownFileType = sourcecode.swift; path = Propiedades.swift; sourceTree = "<group>"; };
		767C36F71E39C4A3008136AB /* Propiedades+CoreDataProperties.swift */ = {isa = PBXFileReference; fileEncoding = 4; lastKnownFileType = sourcecode.swift; path = "Propiedades+CoreDataProperties.swift"; sourceTree = "<group>"; };
		7690BBD01E1DF52A000F4F77 /* MenuController.swift */ = {isa = PBXFileReference; fileEncoding = 4; lastKnownFileType = sourcecode.swift; path = MenuController.swift; sourceTree = "<group>"; };
		7690BBD41E1EA9CE000F4F77 /* SWRevealViewController.h */ = {isa = PBXFileReference; fileEncoding = 4; lastKnownFileType = sourcecode.c.h; path = SWRevealViewController.h; sourceTree = "<group>"; };
		7690BBD51E1EA9CE000F4F77 /* SWRevealViewController.m */ = {isa = PBXFileReference; fileEncoding = 4; lastKnownFileType = sourcecode.c.objc; path = SWRevealViewController.m; sourceTree = "<group>"; };
		7690BBD71E1EB52C000F4F77 /* MapController.swift */ = {isa = PBXFileReference; fileEncoding = 4; lastKnownFileType = sourcecode.swift; path = MapController.swift; sourceTree = "<group>"; };
		7690BBD91E1EB81A000F4F77 /* ElPin.swift */ = {isa = PBXFileReference; fileEncoding = 4; lastKnownFileType = sourcecode.swift; path = ElPin.swift; sourceTree = "<group>"; };
		7690BBDB1E1EDFDA000F4F77 /* MapTableViewCell.swift */ = {isa = PBXFileReference; fileEncoding = 4; lastKnownFileType = sourcecode.swift; path = MapTableViewCell.swift; sourceTree = "<group>"; };
		76E743611E3723EA00E5FAC8 /* SalirViewController.swift */ = {isa = PBXFileReference; fileEncoding = 4; lastKnownFileType = sourcecode.swift; path = SalirViewController.swift; sourceTree = "<group>"; };
		D5B892ACC004404371B11CA5 /* Pods_InmobiliaApp_IOS.framework */ = {isa = PBXFileReference; explicitFileType = wrapper.framework; includeInIndex = 0; path = Pods_InmobiliaApp_IOS.framework; sourceTree = BUILT_PRODUCTS_DIR; };
/* End PBXFileReference section */

/* Begin PBXFrameworksBuildPhase section */
		7646E9091E133E3400FC4FB7 /* Frameworks */ = {
			isa = PBXFrameworksBuildPhase;
			buildActionMask = 2147483647;
			files = (
				76760DA31E36DB81005F7204 /* Accelerate.framework in Frameworks */,
				76760DA41E36DB81005F7204 /* AudioToolbox.framework in Frameworks */,
				76760DA51E36DB81005F7204 /* AVFoundation.framework in Frameworks */,
				76760DA61E36DB81005F7204 /* CoreLocation.framework in Frameworks */,
				76760DA71E36DB81005F7204 /* CoreMedia.framework in Frameworks */,
				76760DA81E36DB81005F7204 /* MessageUI.framework in Frameworks */,
				76760DA91E36DB81005F7204 /* MobileCoreServices.framework in Frameworks */,
				76760DAA1E36DB81005F7204 /* SafariServices.framework in Frameworks */,
				76760DAB1E36DB81005F7204 /* SystemConfiguration.framework in Frameworks */,
				7646C2881E13666700A92001 /* FBSDKShareKit.framework in Frameworks */,
				7646C28A1E13666700A92001 /* FBSDKCoreKit.framework in Frameworks */,
				7646C28B1E13666700A92001 /* FBSDKLoginKit.framework in Frameworks */,
				7646C2891E13666700A92001 /* Bolts.framework in Frameworks */,
				2105D91C244B4A3F33DAA870 /* Pods_InmobiliaApp_IOS.framework in Frameworks */,
			);
			runOnlyForDeploymentPostprocessing = 0;
		};
/* End PBXFrameworksBuildPhase section */

/* Begin PBXGroup section */
		1986DE4918E2A47C86B6FCC4 /* Frameworks */ = {
			isa = PBXGroup;
			children = (
				76760D9A1E36DB81005F7204 /* Accelerate.framework */,
				76760D9B1E36DB81005F7204 /* AudioToolbox.framework */,
				76760D9C1E36DB81005F7204 /* AVFoundation.framework */,
				76760D9D1E36DB81005F7204 /* CoreLocation.framework */,
				76760D9E1E36DB81005F7204 /* CoreMedia.framework */,
				76760D9F1E36DB81005F7204 /* MessageUI.framework */,
				76760DA01E36DB81005F7204 /* MobileCoreServices.framework */,
				76760DA11E36DB81005F7204 /* SafariServices.framework */,
				76760DA21E36DB81005F7204 /* SystemConfiguration.framework */,
				D5B892ACC004404371B11CA5 /* Pods_InmobiliaApp_IOS.framework */,
			);
			name = Frameworks;
			sourceTree = "<group>";
		};
		7646C2831E1364C100A92001 /* Frameworks */ = {
			isa = PBXGroup;
			children = (
				7646C2841E13666700A92001 /* FBSDKShareKit.framework */,
				7646C2851E13666700A92001 /* Bolts.framework */,
				7646C2861E13666700A92001 /* FBSDKCoreKit.framework */,
				7646C2871E13666700A92001 /* FBSDKLoginKit.framework */,
			);
			name = Frameworks;
			sourceTree = "<group>";
		};
		7646E9031E133E3400FC4FB7 = {
			isa = PBXGroup;
			children = (
				7646E90E1E133E3400FC4FB7 /* InmobiliaApp-IOS */,
				7646E90D1E133E3400FC4FB7 /* Products */,
				E3C39882570ECFF7A5781A86 /* Pods */,
				1986DE4918E2A47C86B6FCC4 /* Frameworks */,
			);
			sourceTree = "<group>";
		};
		7646E90D1E133E3400FC4FB7 /* Products */ = {
			isa = PBXGroup;
			children = (
				7646E90C1E133E3400FC4FB7 /* InmobiliaApp-IOS.app */,
			);
			name = Products;
			sourceTree = "<group>";
		};
		7646E90E1E133E3400FC4FB7 /* InmobiliaApp-IOS */ = {
			isa = PBXGroup;
			children = (
				767C36F71E39C4A3008136AB /* Propiedades+CoreDataProperties.swift */,
				767C36F51E39C49C008136AB /* Propiedades.swift */,
				76760D1B1E318866005F7204 /* Estimaciones+CoreDataProperties.swift */,
				76760D1C1E318866005F7204 /* Estimaciones.swift */,
				76760D1D1E318866005F7204 /* EstimacionesCompradas+CoreDataProperties.swift */,
				76760D1E1E318866005F7204 /* EstimacionesCompradas.swift */,
				76760D0F1E309DC1005F7204 /* ConnectionManager.swift */,
				7690BBD91E1EB81A000F4F77 /* ElPin.swift */,
				7690BBD21E1EA991000F4F77 /* SWRevealViewController */,
				7646E90F1E133E3400FC4FB7 /* AppDelegate.swift */,
				7646E9111E133E3400FC4FB7 /* ViewController.swift */,
				7646E9131E133E3400FC4FB7 /* Main.storyboard */,
				7646E9161E133E3400FC4FB7 /* Assets.xcassets */,
				7646E9181E133E3400FC4FB7 /* LaunchScreen.storyboard */,
				7646E91B1E133E3400FC4FB7 /* Info.plist */,
				7646E9251E1347B200FC4FB7 /* CatalogoEstadosMunicipios.swift */,
				7646C2831E1364C100A92001 /* Frameworks */,
				7646C28C1E14424900A92001 /* ValoresGlobales.swift */,
				7690BBD01E1DF52A000F4F77 /* MenuController.swift */,
				7690BBD71E1EB52C000F4F77 /* MapController.swift */,
				7690BBDB1E1EDFDA000F4F77 /* MapTableViewCell.swift */,
				76760C5B1E1F49CB005F7204 /* EstadosTableViewController.swift */,
				76760D981E36D314005F7204 /* InmobiliaApp-IOS-Bridging-Header.h */,
				76760C5D1E1F4F48005F7204 /* EstadosTableViewCell.swift */,
				76760C5F1E1F62B8005F7204 /* MunicipiosTableViewController.swift */,
				76760C611E1F664C005F7204 /* MunicipioTableViewCell.swift */,
				76760CD41E26B50B005F7204 /* CapturaDeDatosNumericosViewController.swift */,
				76760CD61E2704F9005F7204 /* CapturaDatosCategoricosViewController.swift */,
				76760CD81E288F3B005F7204 /* AvaluosDB.xcdatamodeld */,
				76760D171E31565C005F7204 /* CoreDataStack.swift */,
				76760D251E33BE2A005F7204 /* PropiedadDetailButton.swift */,
				76760D291E33E408005F7204 /* PropertyDetailViewController.swift */,
				76760DAC1E36DD46005F7204 /* PayPalViewController.swift */,
				76760D991E36D8E2005F7204 /* ZZAppDelegate.h */,
				76E743611E3723EA00E5FAC8 /* SalirViewController.swift */,
			);
			path = "InmobiliaApp-IOS";
			sourceTree = "<group>";
		};
		7690BBD21E1EA991000F4F77 /* SWRevealViewController */ = {
			isa = PBXGroup;
			children = (
				7690BBD41E1EA9CE000F4F77 /* SWRevealViewController.h */,
				7690BBD51E1EA9CE000F4F77 /* SWRevealViewController.m */,
			);
			name = SWRevealViewController;
			sourceTree = "<group>";
		};
		E3C39882570ECFF7A5781A86 /* Pods */ = {
			isa = PBXGroup;
			children = (
				4CF4830BA58D5466023A9E18 /* Pods-InmobiliaApp-IOS.debug.xcconfig */,
				4EFCD35A266708532FF40F94 /* Pods-InmobiliaApp-IOS.release.xcconfig */,
			);
			name = Pods;
			sourceTree = "<group>";
		};
/* End PBXGroup section */

/* Begin PBXNativeTarget section */
		7646E90B1E133E3400FC4FB7 /* InmobiliaApp-IOS */ = {
			isa = PBXNativeTarget;
			buildConfigurationList = 7646E91E1E133E3400FC4FB7 /* Build configuration list for PBXNativeTarget "InmobiliaApp-IOS" */;
			buildPhases = (
				66324555D7A5CFF204CD3354 /* [CP] Check Pods Manifest.lock */,
				7646E9081E133E3400FC4FB7 /* Sources */,
				7646E9091E133E3400FC4FB7 /* Frameworks */,
				7646E90A1E133E3400FC4FB7 /* Resources */,
				AE0285052E2D92D5F8A58703 /* [CP] Embed Pods Frameworks */,
				C682210C562620C6BEB8972A /* [CP] Copy Pods Resources */,
			);
			buildRules = (
			);
			dependencies = (
			);
			name = "InmobiliaApp-IOS";
			productName = "InmobiliaApp-IOS";
			productReference = 7646E90C1E133E3400FC4FB7 /* InmobiliaApp-IOS.app */;
			productType = "com.apple.product-type.application";
		};
/* End PBXNativeTarget section */

/* Begin PBXProject section */
		7646E9041E133E3400FC4FB7 /* Project object */ = {
			isa = PBXProject;
			attributes = {
				LastSwiftUpdateCheck = 0730;
				LastUpgradeCheck = 0730;
				ORGANIZATIONNAME = "Industrias Peta";
				TargetAttributes = {
					7646E90B1E133E3400FC4FB7 = {
						CreatedOnToolsVersion = 7.3.1;
						DevelopmentTeam = QE6F47T37T;
					};
				};
			};
			buildConfigurationList = 7646E9071E133E3400FC4FB7 /* Build configuration list for PBXProject "InmobiliaApp-IOS" */;
			compatibilityVersion = "Xcode 3.2";
			developmentRegion = English;
			hasScannedForEncodings = 0;
			knownRegions = (
				en,
				Base,
			);
			mainGroup = 7646E9031E133E3400FC4FB7;
			productRefGroup = 7646E90D1E133E3400FC4FB7 /* Products */;
			projectDirPath = "";
			projectRoot = "";
			targets = (
				7646E90B1E133E3400FC4FB7 /* InmobiliaApp-IOS */,
			);
		};
/* End PBXProject section */

/* Begin PBXResourcesBuildPhase section */
		7646E90A1E133E3400FC4FB7 /* Resources */ = {
			isa = PBXResourcesBuildPhase;
			buildActionMask = 2147483647;
			files = (
				7646E91A1E133E3400FC4FB7 /* LaunchScreen.storyboard in Resources */,
				7646E9171E133E3400FC4FB7 /* Assets.xcassets in Resources */,
				7646E9151E133E3400FC4FB7 /* Main.storyboard in Resources */,
			);
			runOnlyForDeploymentPostprocessing = 0;
		};
/* End PBXResourcesBuildPhase section */

/* Begin PBXShellScriptBuildPhase section */
		66324555D7A5CFF204CD3354 /* [CP] Check Pods Manifest.lock */ = {
			isa = PBXShellScriptBuildPhase;
			buildActionMask = 2147483647;
			files = (
			);
			inputPaths = (
			);
			name = "[CP] Check Pods Manifest.lock";
			outputPaths = (
			);
			runOnlyForDeploymentPostprocessing = 0;
			shellPath = /bin/sh;
			shellScript = "diff \"${PODS_ROOT}/../Podfile.lock\" \"${PODS_ROOT}/Manifest.lock\" > /dev/null\nif [ $? != 0 ] ; then\n    # print error to STDERR\n    echo \"error: The sandbox is not in sync with the Podfile.lock. Run 'pod install' or update your CocoaPods installation.\" >&2\n    exit 1\nfi\n";
			showEnvVarsInLog = 0;
		};
		AE0285052E2D92D5F8A58703 /* [CP] Embed Pods Frameworks */ = {
			isa = PBXShellScriptBuildPhase;
			buildActionMask = 2147483647;
			files = (
			);
			inputPaths = (
			);
			name = "[CP] Embed Pods Frameworks";
			outputPaths = (
			);
			runOnlyForDeploymentPostprocessing = 0;
			shellPath = /bin/sh;
			shellScript = "\"${SRCROOT}/Pods/Target Support Files/Pods-InmobiliaApp-IOS/Pods-InmobiliaApp-IOS-frameworks.sh\"\n";
			showEnvVarsInLog = 0;
		};
		C682210C562620C6BEB8972A /* [CP] Copy Pods Resources */ = {
			isa = PBXShellScriptBuildPhase;
			buildActionMask = 2147483647;
			files = (
			);
			inputPaths = (
			);
			name = "[CP] Copy Pods Resources";
			outputPaths = (
			);
			runOnlyForDeploymentPostprocessing = 0;
			shellPath = /bin/sh;
			shellScript = "\"${SRCROOT}/Pods/Target Support Files/Pods-InmobiliaApp-IOS/Pods-InmobiliaApp-IOS-resources.sh\"\n";
			showEnvVarsInLog = 0;
		};
/* End PBXShellScriptBuildPhase section */

/* Begin PBXSourcesBuildPhase section */
		7646E9081E133E3400FC4FB7 /* Sources */ = {
			isa = PBXSourcesBuildPhase;
			buildActionMask = 2147483647;
			files = (
				76760CDA1E288F3B005F7204 /* AvaluosDB.xcdatamodeld in Sources */,
				7690BBDA1E1EB81A000F4F77 /* ElPin.swift in Sources */,
				7646E9121E133E3400FC4FB7 /* ViewController.swift in Sources */,
				76760D181E31565C005F7204 /* CoreDataStack.swift in Sources */,
				76760D211E318866005F7204 /* Estimaciones+CoreDataProperties.swift in Sources */,
				76760C5C1E1F49CB005F7204 /* EstadosTableViewController.swift in Sources */,
				76E743621E3723EA00E5FAC8 /* SalirViewController.swift in Sources */,
				76760D2A1E33E408005F7204 /* PropertyDetailViewController.swift in Sources */,
				7690BBD11E1DF52A000F4F77 /* MenuController.swift in Sources */,
				76760D221E318866005F7204 /* Estimaciones.swift in Sources */,
				76760D261E33BE2B005F7204 /* PropiedadDetailButton.swift in Sources */,
				7646C28D1E14424900A92001 /* ValoresGlobales.swift in Sources */,
				76760C5E1E1F4F48005F7204 /* EstadosTableViewCell.swift in Sources */,
				76760C601E1F62B8005F7204 /* MunicipiosTableViewController.swift in Sources */,
				7690BBD61E1EA9CE000F4F77 /* SWRevealViewController.m in Sources */,
				76760CD71E2704F9005F7204 /* CapturaDatosCategoricosViewController.swift in Sources */,
				7646E9101E133E3400FC4FB7 /* AppDelegate.swift in Sources */,
				7690BBDC1E1EDFDA000F4F77 /* MapTableViewCell.swift in Sources */,
				76760DAD1E36DD46005F7204 /* PayPalViewController.swift in Sources */,
				76760D101E309DC1005F7204 /* ConnectionManager.swift in Sources */,
				767C36F61E39C49C008136AB /* Propiedades.swift in Sources */,
				7646E9261E1347B200FC4FB7 /* CatalogoEstadosMunicipios.swift in Sources */,
				767C36F81E39C4A3008136AB /* Propiedades+CoreDataProperties.swift in Sources */,
				7690BBD81E1EB52C000F4F77 /* MapController.swift in Sources */,
				76760D241E318866005F7204 /* EstimacionesCompradas.swift in Sources */,
				76760CD51E26B50B005F7204 /* CapturaDeDatosNumericosViewController.swift in Sources */,
				76760D231E318866005F7204 /* EstimacionesCompradas+CoreDataProperties.swift in Sources */,
				76760C621E1F664C005F7204 /* MunicipioTableViewCell.swift in Sources */,
			);
			runOnlyForDeploymentPostprocessing = 0;
		};
/* End PBXSourcesBuildPhase section */

/* Begin PBXVariantGroup section */
		7646E9131E133E3400FC4FB7 /* Main.storyboard */ = {
			isa = PBXVariantGroup;
			children = (
				7646E9141E133E3400FC4FB7 /* Base */,
			);
			name = Main.storyboard;
			sourceTree = "<group>";
		};
		7646E9181E133E3400FC4FB7 /* LaunchScreen.storyboard */ = {
			isa = PBXVariantGroup;
			children = (
				7646E9191E133E3400FC4FB7 /* Base */,
			);
			name = LaunchScreen.storyboard;
			sourceTree = "<group>";
		};
/* End PBXVariantGroup section */

/* Begin XCBuildConfiguration section */
		7646E91C1E133E3400FC4FB7 /* Debug */ = {
			isa = XCBuildConfiguration;
			buildSettings = {
				ALWAYS_SEARCH_USER_PATHS = NO;
				CLANG_ANALYZER_NONNULL = YES;
				CLANG_CXX_LANGUAGE_STANDARD = "gnu++0x";
				CLANG_CXX_LIBRARY = "libc++";
				CLANG_ENABLE_MODULES = YES;
				CLANG_ENABLE_OBJC_ARC = YES;
				CLANG_WARN_BOOL_CONVERSION = YES;
				CLANG_WARN_CONSTANT_CONVERSION = YES;
				CLANG_WARN_DIRECT_OBJC_ISA_USAGE = YES_ERROR;
				CLANG_WARN_EMPTY_BODY = YES;
				CLANG_WARN_ENUM_CONVERSION = YES;
				CLANG_WARN_INT_CONVERSION = YES;
				CLANG_WARN_OBJC_ROOT_CLASS = YES_ERROR;
				CLANG_WARN_UNREACHABLE_CODE = YES;
				CLANG_WARN__DUPLICATE_METHOD_MATCH = YES;
				"CODE_SIGN_IDENTITY[sdk=iphoneos*]" = "iPhone Developer";
				COPY_PHASE_STRIP = NO;
				DEBUG_INFORMATION_FORMAT = dwarf;
				ENABLE_STRICT_OBJC_MSGSEND = YES;
				ENABLE_TESTABILITY = YES;
				GCC_C_LANGUAGE_STANDARD = gnu99;
				GCC_DYNAMIC_NO_PIC = NO;
				GCC_NO_COMMON_BLOCKS = YES;
				GCC_OPTIMIZATION_LEVEL = 0;
				GCC_PREPROCESSOR_DEFINITIONS = (
					"DEBUG=1",
					"$(inherited)",
				);
				GCC_WARN_64_TO_32_BIT_CONVERSION = YES;
				GCC_WARN_ABOUT_RETURN_TYPE = YES_ERROR;
				GCC_WARN_UNDECLARED_SELECTOR = YES;
				GCC_WARN_UNINITIALIZED_AUTOS = YES_AGGRESSIVE;
				GCC_WARN_UNUSED_FUNCTION = YES;
				GCC_WARN_UNUSED_VARIABLE = YES;
				IPHONEOS_DEPLOYMENT_TARGET = 9.3;
				MTL_ENABLE_DEBUG_INFO = YES;
				ONLY_ACTIVE_ARCH = YES;
				SDKROOT = iphoneos;
				SWIFT_OPTIMIZATION_LEVEL = "-Onone";
			};
			name = Debug;
		};
		7646E91D1E133E3400FC4FB7 /* Release */ = {
			isa = XCBuildConfiguration;
			buildSettings = {
				ALWAYS_SEARCH_USER_PATHS = NO;
				CLANG_ANALYZER_NONNULL = YES;
				CLANG_CXX_LANGUAGE_STANDARD = "gnu++0x";
				CLANG_CXX_LIBRARY = "libc++";
				CLANG_ENABLE_MODULES = YES;
				CLANG_ENABLE_OBJC_ARC = YES;
				CLANG_WARN_BOOL_CONVERSION = YES;
				CLANG_WARN_CONSTANT_CONVERSION = YES;
				CLANG_WARN_DIRECT_OBJC_ISA_USAGE = YES_ERROR;
				CLANG_WARN_EMPTY_BODY = YES;
				CLANG_WARN_ENUM_CONVERSION = YES;
				CLANG_WARN_INT_CONVERSION = YES;
				CLANG_WARN_OBJC_ROOT_CLASS = YES_ERROR;
				CLANG_WARN_UNREACHABLE_CODE = YES;
				CLANG_WARN__DUPLICATE_METHOD_MATCH = YES;
				"CODE_SIGN_IDENTITY[sdk=iphoneos*]" = "iPhone Developer";
				COPY_PHASE_STRIP = NO;
				DEBUG_INFORMATION_FORMAT = "dwarf-with-dsym";
				ENABLE_NS_ASSERTIONS = NO;
				ENABLE_STRICT_OBJC_MSGSEND = YES;
				GCC_C_LANGUAGE_STANDARD = gnu99;
				GCC_NO_COMMON_BLOCKS = YES;
				GCC_WARN_64_TO_32_BIT_CONVERSION = YES;
				GCC_WARN_ABOUT_RETURN_TYPE = YES_ERROR;
				GCC_WARN_UNDECLARED_SELECTOR = YES;
				GCC_WARN_UNINITIALIZED_AUTOS = YES_AGGRESSIVE;
				GCC_WARN_UNUSED_FUNCTION = YES;
				GCC_WARN_UNUSED_VARIABLE = YES;
				IPHONEOS_DEPLOYMENT_TARGET = 9.3;
				MTL_ENABLE_DEBUG_INFO = NO;
				SDKROOT = iphoneos;
				VALIDATE_PRODUCT = YES;
			};
			name = Release;
		};
		7646E91F1E133E3400FC4FB7 /* Debug */ = {
			isa = XCBuildConfiguration;
			baseConfigurationReference = 4CF4830BA58D5466023A9E18 /* Pods-InmobiliaApp-IOS.debug.xcconfig */;
			buildSettings = {
				ASSETCATALOG_COMPILER_APPICON_NAME = AppIcon;
				CLANG_ENABLE_MODULES = YES;
				ENABLE_BITCODE = NO;
				FRAMEWORK_SEARCH_PATHS = (
					"$(inherited)",
					"$(PROJECT_DIR)/InmobiliaApp-IOS",
				);
				INFOPLIST_FILE = "InmobiliaApp-IOS/Info.plist";
				LD_RUNPATH_SEARCH_PATHS = "$(inherited) @executable_path/Frameworks";
				PRODUCT_BUNDLE_IDENTIFIER = "mx.peta.InmobiliaApp-IOS";
				PRODUCT_NAME = "$(TARGET_NAME)";
				SWIFT_OBJC_BRIDGING_HEADER = "InmobiliaApp-IOS/InmobiliaApp-IOS-Bridging-Header.h";
				SWIFT_OPTIMIZATION_LEVEL = "-Onone";
			};
			name = Debug;
		};
		7646E9201E133E3400FC4FB7 /* Release */ = {
			isa = XCBuildConfiguration;
			baseConfigurationReference = 4EFCD35A266708532FF40F94 /* Pods-InmobiliaApp-IOS.release.xcconfig */;
			buildSettings = {
				ASSETCATALOG_COMPILER_APPICON_NAME = AppIcon;
				CLANG_ENABLE_MODULES = YES;
				ENABLE_BITCODE = NO;
				FRAMEWORK_SEARCH_PATHS = (
					"$(inherited)",
					"$(PROJECT_DIR)/InmobiliaApp-IOS",
				);
				INFOPLIST_FILE = "InmobiliaApp-IOS/Info.plist";
				LD_RUNPATH_SEARCH_PATHS = "$(inherited) @executable_path/Frameworks";
				PRODUCT_BUNDLE_IDENTIFIER = "mx.peta.InmobiliaApp-IOS";
				PRODUCT_NAME = "$(TARGET_NAME)";
				SWIFT_OBJC_BRIDGING_HEADER = "InmobiliaApp-IOS/InmobiliaApp-IOS-Bridging-Header.h";
			};
			name = Release;
		};
/* End XCBuildConfiguration section */

/* Begin XCConfigurationList section */
		7646E9071E133E3400FC4FB7 /* Build configuration list for PBXProject "InmobiliaApp-IOS" */ = {
			isa = XCConfigurationList;
			buildConfigurations = (
				7646E91C1E133E3400FC4FB7 /* Debug */,
				7646E91D1E133E3400FC4FB7 /* Release */,
			);
			defaultConfigurationIsVisible = 0;
			defaultConfigurationName = Release;
		};
		7646E91E1E133E3400FC4FB7 /* Build configuration list for PBXNativeTarget "InmobiliaApp-IOS" */ = {
			isa = XCConfigurationList;
			buildConfigurations = (
				7646E91F1E133E3400FC4FB7 /* Debug */,
				7646E9201E133E3400FC4FB7 /* Release */,
			);
			defaultConfigurationIsVisible = 0;
			defaultConfigurationName = Release;
		};
/* End XCConfigurationList section */

/* Begin XCVersionGroup section */
		76760CD81E288F3B005F7204 /* AvaluosDB.xcdatamodeld */ = {
			isa = XCVersionGroup;
			children = (
				76760CD91E288F3B005F7204 /* AvaluosDB.xcdatamodel */,
			);
			currentVersion = 76760CD91E288F3B005F7204 /* AvaluosDB.xcdatamodel */;
			path = AvaluosDB.xcdatamodeld;
			sourceTree = "<group>";
			versionGroupType = wrapper.xcdatamodel;
		};
/* End XCVersionGroup section */
	};
	rootObject = 7646E9041E133E3400FC4FB7 /* Project object */;
}
